
Microsoft Visual Studio Solution File, Format Version 12.00
# Visual Studio Version 17
VisualStudioVersion = 17.8.34330.188
MinimumVisualStudioVersion = 10.0.40219.1
Project("{FAE04EC0-301F-11D3-BF4B-00C04F79EFBC}") = "8. Building a calculator", "8. Building a calculator.csproj", "{D02B1C30-D85B-41DB-A0D6-AD127FDBEF57}"
EndProject
Global
	GlobalSection(SolutionConfigurationPlatforms) = preSolution
		Debug|Any CPU = Debug|Any CPU
		Release|Any CPU = Release|Any CPU
	EndGlobalSection
	GlobalSection(ProjectConfigurationPlatforms) = postSolution
		{D02B1C30-D85B-41DB-A0D6-AD127FDBEF57}.Debug|Any CPU.ActiveCfg = Debug|Any CPU
		{D02B1C30-D85B-41DB-A0D6-AD127FDBEF57}.Debug|Any CPU.Build.0 = Debug|Any CPU
		{D02B1C30-D85B-41DB-A0D6-AD127FDBEF57}.Release|Any CPU.ActiveCfg = Release|Any CPU
		{D02B1C30-D85B-41DB-A0D6-AD127FDBEF57}.Release|Any CPU.Build.0 = Release|Any CPU
	EndGlobalSection
	GlobalSection(SolutionProperties) = preSolution
		HideSolutionNode = FALSE
	EndGlobalSection
	GlobalSection(ExtensibilityGlobals) = postSolution
		SolutionGuid = {CF9246D2-7B6F-449C-BF4C-739231E923B7}
	EndGlobalSection
EndGlobal
